
Microsoft Visual Studio Solution File, Format Version 8.00
Project("{8BC9CEB8-8B4A-11D0-8D11-00A0C91BC942}") = "ManuProc_Base", "ManuProc_Base.vcproj", "{C81ADBBC-30CB-402A-951F-3A0C4A48858E}"
	ProjectSection(ProjectDependencies) = postProject
	EndProjectSection
EndProject
Global
	GlobalSection(SolutionConfiguration) = preSolution
		Debug = Debug
		Release = Release
	EndGlobalSection
	GlobalSection(ProjectConfiguration) = postSolution
		{C81ADBBC-30CB-402A-951F-3A0C4A48858E}.Debug.ActiveCfg = Debug|Win32
		{C81ADBBC-30CB-402A-951F-3A0C4A48858E}.Debug.Build.0 = Debug|Win32
		{C81ADBBC-30CB-402A-951F-3A0C4A48858E}.Release.ActiveCfg = Release|Win32
		{C81ADBBC-30CB-402A-951F-3A0C4A48858E}.Release.Build.0 = Release|Win32
	EndGlobalSection
	GlobalSection(ExtensibilityGlobals) = postSolution
	EndGlobalSection
	GlobalSection(ExtensibilityAddIns) = postSolution
	EndGlobalSection
	GlobalSection(SolutionConfigurationPlatforms) = preSolution
		Debug|Win32 = Debug|Win32
		Release|Win32 = Release|Win32
	EndGlobalSection
	GlobalSection(ProjectConfigurationPlatforms) = postSolution
		{C81ADBBC-30CB-402A-951F-3A0C4A48858E}.Debug|Win32.ActiveCfg = Debug|Win32
		{C81ADBBC-30CB-402A-951F-3A0C4A48858E}.Debug|Win32.Build.0 = Debug|Win32
		{C81ADBBC-30CB-402A-951F-3A0C4A48858E}.Release|Win32.ActiveCfg = Release|Win32
		{C81ADBBC-30CB-402A-951F-3A0C4A48858E}.Release|Win32.Build.0 = Release|Win32
	EndGlobalSection
	GlobalSection(SolutionProperties) = preSolution
		HideSolutionNode = FALSE
	EndGlobalSection
EndGlobal
